// !$*UTF8*$!
{
	archiveVersion = 1;
	classes = {
	};
	objectVersion = 56;
	objects = {

/* Begin PBXBuildFile section */
		1A6070B02BEA2142005797E9 /* AppDelegate.swift in Sources */ = {isa = PBXBuildFile; fileRef = 1A6070AF2BEA2142005797E9 /* AppDelegate.swift */; };
		1A6070B22BEA2142005797E9 /* SceneDelegate.swift in Sources */ = {isa = PBXBuildFile; fileRef = 1A6070B12BEA2142005797E9 /* SceneDelegate.swift */; };
		1A6070B42BEA2142005797E9 /* MainViewController.swift in Sources */ = {isa = PBXBuildFile; fileRef = 1A6070B32BEA2142005797E9 /* MainViewController.swift */; };
		1A6070B92BEA2143005797E9 /* Assets.xcassets in Resources */ = {isa = PBXBuildFile; fileRef = 1A6070B82BEA2143005797E9 /* Assets.xcassets */; };
		1A6070BC2BEA2143005797E9 /* Base in Resources */ = {isa = PBXBuildFile; fileRef = 1A6070BB2BEA2143005797E9 /* Base */; };
		1A6070C52BEA2376005797E9 /* TabBarController.swift in Sources */ = {isa = PBXBuildFile; fileRef = 1A6070C42BEA2376005797E9 /* TabBarController.swift */; };
		1A6070C72BEA23C8005797E9 /* MessageViewController.swift in Sources */ = {isa = PBXBuildFile; fileRef = 1A6070C62BEA23C8005797E9 /* MessageViewController.swift */; };
		1A6070C92BEA242E005797E9 /* ProfileViewController.swift in Sources */ = {isa = PBXBuildFile; fileRef = 1A6070C82BEA242E005797E9 /* ProfileViewController.swift */; };
		1A6070CD2BEA24B5005797E9 /* CollectionSection.swift in Sources */ = {isa = PBXBuildFile; fileRef = 1A6070CC2BEA24B5005797E9 /* CollectionSection.swift */; };
		1A6070CF2BEA24E0005797E9 /* CollectionItem.swift in Sources */ = {isa = PBXBuildFile; fileRef = 1A6070CE2BEA24E0005797E9 /* CollectionItem.swift */; };
		1A6070D12BEA250C005797E9 /* User.swift in Sources */ = {isa = PBXBuildFile; fileRef = 1A6070D02BEA250C005797E9 /* User.swift */; };
		1A6070DB2BEA26D1005797E9 /* NewsViewCell.swift in Sources */ = {isa = PBXBuildFile; fileRef = 1A6070DA2BEA26D1005797E9 /* NewsViewCell.swift */; };
		1A6070DD2BEA27FF005797E9 /* EventViewCell.swift in Sources */ = {isa = PBXBuildFile; fileRef = 1A6070DC2BEA27FF005797E9 /* EventViewCell.swift */; };
		1A6070DF2BEA283B005797E9 /* UserViewCell.swift in Sources */ = {isa = PBXBuildFile; fileRef = 1A6070DE2BEA283B005797E9 /* UserViewCell.swift */; };
		1A6070E22BEA292A005797E9 /* CellProtocol.swift in Sources */ = {isa = PBXBuildFile; fileRef = 1A6070E12BEA292A005797E9 /* CellProtocol.swift */; };
		1A6070EA2BEA74B8005797E9 /* ReuseImageView.swift in Sources */ = {isa = PBXBuildFile; fileRef = 1A6070E92BEA74B8005797E9 /* ReuseImageView.swift */; };
		1A6070EC2BEA7525005797E9 /* ReuseLabel.swift in Sources */ = {isa = PBXBuildFile; fileRef = 1A6070EB2BEA7525005797E9 /* ReuseLabel.swift */; };
		1A6070EE2BEA7CC6005797E9 /* ReuseButton.swift in Sources */ = {isa = PBXBuildFile; fileRef = 1A6070ED2BEA7CC6005797E9 /* ReuseButton.swift */; };
		1A6070F22BEFC1E3005797E9 /* MessageViewCell.swift in Sources */ = {isa = PBXBuildFile; fileRef = 1A6070F12BEFC1E3005797E9 /* MessageViewCell.swift */; };
		1A6070F42BEFC6CE005797E9 /* TableViewCellProtocol.swift in Sources */ = {isa = PBXBuildFile; fileRef = 1A6070F32BEFC6CE005797E9 /* TableViewCellProtocol.swift */; };
		1A6070F82BF0FF03005797E9 /* TableViewRow.swift in Sources */ = {isa = PBXBuildFile; fileRef = 1A6070F72BF0FF03005797E9 /* TableViewRow.swift */; };
/* End PBXBuildFile section */

/* Begin PBXFileReference section */
		1A6070AC2BEA2142005797E9 /* CompositionLayoutSecondApp.app */ = {isa = PBXFileReference; explicitFileType = wrapper.application; includeInIndex = 0; path = CompositionLayoutSecondApp.app; sourceTree = BUILT_PRODUCTS_DIR; };
		1A6070AF2BEA2142005797E9 /* AppDelegate.swift */ = {isa = PBXFileReference; lastKnownFileType = sourcecode.swift; path = AppDelegate.swift; sourceTree = "<group>"; };
		1A6070B12BEA2142005797E9 /* SceneDelegate.swift */ = {isa = PBXFileReference; lastKnownFileType = sourcecode.swift; path = SceneDelegate.swift; sourceTree = "<group>"; };
		1A6070B32BEA2142005797E9 /* MainViewController.swift */ = {isa = PBXFileReference; lastKnownFileType = sourcecode.swift; path = MainViewController.swift; sourceTree = "<group>"; };
		1A6070B82BEA2143005797E9 /* Assets.xcassets */ = {isa = PBXFileReference; lastKnownFileType = folder.assetcatalog; path = Assets.xcassets; sourceTree = "<group>"; };
		1A6070BB2BEA2143005797E9 /* Base */ = {isa = PBXFileReference; lastKnownFileType = file.storyboard; name = Base; path = Base.lproj/LaunchScreen.storyboard; sourceTree = "<group>"; };
		1A6070BD2BEA2143005797E9 /* Info.plist */ = {isa = PBXFileReference; lastKnownFileType = text.plist.xml; path = Info.plist; sourceTree = "<group>"; };
		1A6070C42BEA2376005797E9 /* TabBarController.swift */ = {isa = PBXFileReference; lastKnownFileType = sourcecode.swift; path = TabBarController.swift; sourceTree = "<group>"; };
		1A6070C62BEA23C8005797E9 /* MessageViewController.swift */ = {isa = PBXFileReference; lastKnownFileType = sourcecode.swift; path = MessageViewController.swift; sourceTree = "<group>"; };
		1A6070C82BEA242E005797E9 /* ProfileViewController.swift */ = {isa = PBXFileReference; lastKnownFileType = sourcecode.swift; path = ProfileViewController.swift; sourceTree = "<group>"; };
		1A6070CC2BEA24B5005797E9 /* CollectionSection.swift */ = {isa = PBXFileReference; lastKnownFileType = sourcecode.swift; path = CollectionSection.swift; sourceTree = "<group>"; };
		1A6070CE2BEA24E0005797E9 /* CollectionItem.swift */ = {isa = PBXFileReference; lastKnownFileType = sourcecode.swift; path = CollectionItem.swift; sourceTree = "<group>"; };
		1A6070D02BEA250C005797E9 /* User.swift */ = {isa = PBXFileReference; lastKnownFileType = sourcecode.swift; path = User.swift; sourceTree = "<group>"; };
		1A6070DA2BEA26D1005797E9 /* NewsViewCell.swift */ = {isa = PBXFileReference; lastKnownFileType = sourcecode.swift; path = NewsViewCell.swift; sourceTree = "<group>"; };
		1A6070DC2BEA27FF005797E9 /* EventViewCell.swift */ = {isa = PBXFileReference; lastKnownFileType = sourcecode.swift; path = EventViewCell.swift; sourceTree = "<group>"; };
		1A6070DE2BEA283B005797E9 /* UserViewCell.swift */ = {isa = PBXFileReference; lastKnownFileType = sourcecode.swift; path = UserViewCell.swift; sourceTree = "<group>"; };
		1A6070E12BEA292A005797E9 /* CellProtocol.swift */ = {isa = PBXFileReference; lastKnownFileType = sourcecode.swift; path = CellProtocol.swift; sourceTree = "<group>"; };
		1A6070E92BEA74B8005797E9 /* ReuseImageView.swift */ = {isa = PBXFileReference; lastKnownFileType = sourcecode.swift; path = ReuseImageView.swift; sourceTree = "<group>"; };
		1A6070EB2BEA7525005797E9 /* ReuseLabel.swift */ = {isa = PBXFileReference; lastKnownFileType = sourcecode.swift; path = ReuseLabel.swift; sourceTree = "<group>"; };
		1A6070ED2BEA7CC6005797E9 /* ReuseButton.swift */ = {isa = PBXFileReference; lastKnownFileType = sourcecode.swift; path = ReuseButton.swift; sourceTree = "<group>"; };
		1A6070F12BEFC1E3005797E9 /* MessageViewCell.swift */ = {isa = PBXFileReference; lastKnownFileType = sourcecode.swift; path = MessageViewCell.swift; sourceTree = "<group>"; };
		1A6070F32BEFC6CE005797E9 /* TableViewCellProtocol.swift */ = {isa = PBXFileReference; lastKnownFileType = sourcecode.swift; path = TableViewCellProtocol.swift; sourceTree = "<group>"; };
		1A6070F72BF0FF03005797E9 /* TableViewRow.swift */ = {isa = PBXFileReference; lastKnownFileType = sourcecode.swift; path = TableViewRow.swift; sourceTree = "<group>"; };
/* End PBXFileReference section */

/* Begin PBXFrameworksBuildPhase section */
		1A6070A92BEA2142005797E9 /* Frameworks */ = {
			isa = PBXFrameworksBuildPhase;
			buildActionMask = 2147483647;
			files = (
			);
			runOnlyForDeploymentPostprocessing = 0;
		};
/* End PBXFrameworksBuildPhase section */

/* Begin PBXGroup section */
		1A6070A32BEA2142005797E9 = {
			isa = PBXGroup;
			children = (
				1A6070AE2BEA2142005797E9 /* CompositionLayoutSecondApp */,
				1A6070AD2BEA2142005797E9 /* Products */,
			);
			sourceTree = "<group>";
		};
		1A6070AD2BEA2142005797E9 /* Products */ = {
			isa = PBXGroup;
			children = (
				1A6070AC2BEA2142005797E9 /* CompositionLayoutSecondApp.app */,
			);
			name = Products;
			sourceTree = "<group>";
		};
		1A6070AE2BEA2142005797E9 /* CompositionLayoutSecondApp */ = {
			isa = PBXGroup;
			children = (
				1A6070E82BEA7486005797E9 /* ReuseViews */,
				1A6070E02BEA28C3005797E9 /* Protocols */,
				1A6070C32BEA22CF005797E9 /* ViewControllers */,
				1A6070CB2BEA2472005797E9 /* Models */,
				1A6070D52BEA25EE005797E9 /* Views */,
				1A6070D42BEA25A9005797E9 /* LaunchScreen */,
				1A6070D32BEA2599005797E9 /* Resources */,
				1A6070D22BEA253D005797E9 /* SupportingFiles */,
			);
			path = CompositionLayoutSecondApp;
			sourceTree = "<group>";
		};
		1A6070C32BEA22CF005797E9 /* ViewControllers */ = {
			isa = PBXGroup;
			children = (
				1A6070B32BEA2142005797E9 /* MainViewController.swift */,
				1A6070C62BEA23C8005797E9 /* MessageViewController.swift */,
				1A6070C82BEA242E005797E9 /* ProfileViewController.swift */,
				1A6070C42BEA2376005797E9 /* TabBarController.swift */,
			);
			path = ViewControllers;
			sourceTree = "<group>";
		};
		1A6070CB2BEA2472005797E9 /* Models */ = {
			isa = PBXGroup;
			children = (
				1A6070CC2BEA24B5005797E9 /* CollectionSection.swift */,
				1A6070CE2BEA24E0005797E9 /* CollectionItem.swift */,
				1A6070D02BEA250C005797E9 /* User.swift */,
				1A6070F72BF0FF03005797E9 /* TableViewRow.swift */,
			);
			path = Models;
			sourceTree = "<group>";
		};
		1A6070D22BEA253D005797E9 /* SupportingFiles */ = {
			isa = PBXGroup;
			children = (
				1A6070AF2BEA2142005797E9 /* AppDelegate.swift */,
				1A6070B12BEA2142005797E9 /* SceneDelegate.swift */,
				1A6070BD2BEA2143005797E9 /* Info.plist */,
			);
			path = SupportingFiles;
			sourceTree = "<group>";
		};
		1A6070D32BEA2599005797E9 /* Resources */ = {
			isa = PBXGroup;
			children = (
				1A6070B82BEA2143005797E9 /* Assets.xcassets */,
			);
			path = Resources;
			sourceTree = "<group>";
		};
		1A6070D42BEA25A9005797E9 /* LaunchScreen */ = {
			isa = PBXGroup;
			children = (
				1A6070BA2BEA2143005797E9 /* LaunchScreen.storyboard */,
			);
			path = LaunchScreen;
			sourceTree = "<group>";
		};
		1A6070D52BEA25EE005797E9 /* Views */ = {
			isa = PBXGroup;
			children = (
				1A6070DA2BEA26D1005797E9 /* NewsViewCell.swift */,
				1A6070DC2BEA27FF005797E9 /* EventViewCell.swift */,
				1A6070DE2BEA283B005797E9 /* UserViewCell.swift */,
				1A6070F12BEFC1E3005797E9 /* MessageViewCell.swift */,
			);
			path = Views;
			sourceTree = "<group>";
		};
		1A6070E02BEA28C3005797E9 /* Protocols */ = {
			isa = PBXGroup;
			children = (
				1A6070E12BEA292A005797E9 /* CellProtocol.swift */,
				1A6070F32BEFC6CE005797E9 /* TableViewCellProtocol.swift */,
			);
			path = Protocols;
			sourceTree = "<group>";
		};
		1A6070E82BEA7486005797E9 /* ReuseViews */ = {
			isa = PBXGroup;
			children = (
				1A6070E92BEA74B8005797E9 /* ReuseImageView.swift */,
				1A6070EB2BEA7525005797E9 /* ReuseLabel.swift */,
				1A6070ED2BEA7CC6005797E9 /* ReuseButton.swift */,
			);
			path = ReuseViews;
			sourceTree = "<group>";
		};
/* End PBXGroup section */

/* Begin PBXNativeTarget section */
		1A6070AB2BEA2142005797E9 /* CompositionLayoutSecondApp */ = {
			isa = PBXNativeTarget;
			buildConfigurationList = 1A6070C02BEA2143005797E9 /* Build configuration list for PBXNativeTarget "CompositionLayoutSecondApp" */;
			buildPhases = (
				1A6070A82BEA2142005797E9 /* Sources */,
				1A6070A92BEA2142005797E9 /* Frameworks */,
				1A6070AA2BEA2142005797E9 /* Resources */,
			);
			buildRules = (
			);
			dependencies = (
			);
			name = CompositionLayoutSecondApp;
			productName = CompositionLayoutSecondApp;
			productReference = 1A6070AC2BEA2142005797E9 /* CompositionLayoutSecondApp.app */;
			productType = "com.apple.product-type.application";
		};
/* End PBXNativeTarget section */

/* Begin PBXProject section */
		1A6070A42BEA2142005797E9 /* Project object */ = {
			isa = PBXProject;
			attributes = {
				BuildIndependentTargetsInParallel = 1;
				LastSwiftUpdateCheck = 1530;
				LastUpgradeCheck = 1530;
				TargetAttributes = {
					1A6070AB2BEA2142005797E9 = {
						CreatedOnToolsVersion = 15.3;
					};
				};
			};
			buildConfigurationList = 1A6070A72BEA2142005797E9 /* Build configuration list for PBXProject "CompositionLayoutSecondApp" */;
			compatibilityVersion = "Xcode 14.0";
			developmentRegion = en;
			hasScannedForEncodings = 0;
			knownRegions = (
				en,
				Base,
			);
			mainGroup = 1A6070A32BEA2142005797E9;
			productRefGroup = 1A6070AD2BEA2142005797E9 /* Products */;
			projectDirPath = "";
			projectRoot = "";
			targets = (
				1A6070AB2BEA2142005797E9 /* CompositionLayoutSecondApp */,
			);
		};
/* End PBXProject section */

/* Begin PBXResourcesBuildPhase section */
		1A6070AA2BEA2142005797E9 /* Resources */ = {
			isa = PBXResourcesBuildPhase;
			buildActionMask = 2147483647;
			files = (
				1A6070B92BEA2143005797E9 /* Assets.xcassets in Resources */,
				1A6070BC2BEA2143005797E9 /* Base in Resources */,
			);
			runOnlyForDeploymentPostprocessing = 0;
		};
/* End PBXResourcesBuildPhase section */

/* Begin PBXSourcesBuildPhase section */
		1A6070A82BEA2142005797E9 /* Sources */ = {
			isa = PBXSourcesBuildPhase;
			buildActionMask = 2147483647;
			files = (
				1A6070C92BEA242E005797E9 /* ProfileViewController.swift in Sources */,
				1A6070E22BEA292A005797E9 /* CellProtocol.swift in Sources */,
				1A6070B42BEA2142005797E9 /* MainViewController.swift in Sources */,
				1A6070EA2BEA74B8005797E9 /* ReuseImageView.swift in Sources */,
				1A6070F82BF0FF03005797E9 /* TableViewRow.swift in Sources */,
				1A6070CF2BEA24E0005797E9 /* CollectionItem.swift in Sources */,
				1A6070C52BEA2376005797E9 /* TabBarController.swift in Sources */,
				1A6070B02BEA2142005797E9 /* AppDelegate.swift in Sources */,
				1A6070EC2BEA7525005797E9 /* ReuseLabel.swift in Sources */,
				1A6070F22BEFC1E3005797E9 /* MessageViewCell.swift in Sources */,
				1A6070F42BEFC6CE005797E9 /* TableViewCellProtocol.swift in Sources */,
				1A6070D12BEA250C005797E9 /* User.swift in Sources */,
				1A6070DD2BEA27FF005797E9 /* EventViewCell.swift in Sources */,
				1A6070DF2BEA283B005797E9 /* UserViewCell.swift in Sources */,
				1A6070CD2BEA24B5005797E9 /* CollectionSection.swift in Sources */,
				1A6070EE2BEA7CC6005797E9 /* ReuseButton.swift in Sources */,
				1A6070DB2BEA26D1005797E9 /* NewsViewCell.swift in Sources */,
				1A6070B22BEA2142005797E9 /* SceneDelegate.swift in Sources */,
				1A6070C72BEA23C8005797E9 /* MessageViewController.swift in Sources */,
			);
			runOnlyForDeploymentPostprocessing = 0;
		};
/* End PBXSourcesBuildPhase section */

/* Begin PBXVariantGroup section */
		1A6070BA2BEA2143005797E9 /* LaunchScreen.storyboard */ = {
			isa = PBXVariantGroup;
			children = (
				1A6070BB2BEA2143005797E9 /* Base */,
			);
			name = LaunchScreen.storyboard;
			sourceTree = "<group>";
		};
/* End PBXVariantGroup section */

/* Begin XCBuildConfiguration section */
		1A6070BE2BEA2143005797E9 /* Debug */ = {
			isa = XCBuildConfiguration;
			buildSettings = {
				ALWAYS_SEARCH_USER_PATHS = NO;
				ASSETCATALOG_COMPILER_GENERATE_SWIFT_ASSET_SYMBOL_EXTENSIONS = YES;
				CLANG_ANALYZER_NONNULL = YES;
				CLANG_ANALYZER_NUMBER_OBJECT_CONVERSION = YES_AGGRESSIVE;
				CLANG_CXX_LANGUAGE_STANDARD = "gnu++20";
				CLANG_ENABLE_MODULES = YES;
				CLANG_ENABLE_OBJC_ARC = YES;
				CLANG_ENABLE_OBJC_WEAK = YES;
				CLANG_WARN_BLOCK_CAPTURE_AUTORELEASING = YES;
				CLANG_WARN_BOOL_CONVERSION = YES;
				CLANG_WARN_COMMA = YES;
				CLANG_WARN_CONSTANT_CONVERSION = YES;
				CLANG_WARN_DEPRECATED_OBJC_IMPLEMENTATIONS = YES;
				CLANG_WARN_DIRECT_OBJC_ISA_USAGE = YES_ERROR;
				CLANG_WARN_DOCUMENTATION_COMMENTS = YES;
				CLANG_WARN_EMPTY_BODY = YES;
				CLANG_WARN_ENUM_CONVERSION = YES;
				CLANG_WARN_INFINITE_RECURSION = YES;
				CLANG_WARN_INT_CONVERSION = YES;
				CLANG_WARN_NON_LITERAL_NULL_CONVERSION = YES;
				CLANG_WARN_OBJC_IMPLICIT_RETAIN_SELF = YES;
				CLANG_WARN_OBJC_LITERAL_CONVERSION = YES;
				CLANG_WARN_OBJC_ROOT_CLASS = YES_ERROR;
				CLANG_WARN_QUOTED_INCLUDE_IN_FRAMEWORK_HEADER = YES;
				CLANG_WARN_RANGE_LOOP_ANALYSIS = YES;
				CLANG_WARN_STRICT_PROTOTYPES = YES;
				CLANG_WARN_SUSPICIOUS_MOVE = YES;
				CLANG_WARN_UNGUARDED_AVAILABILITY = YES_AGGRESSIVE;
				CLANG_WARN_UNREACHABLE_CODE = YES;
				CLANG_WARN__DUPLICATE_METHOD_MATCH = YES;
				COPY_PHASE_STRIP = NO;
				DEBUG_INFORMATION_FORMAT = dwarf;
				ENABLE_STRICT_OBJC_MSGSEND = YES;
				ENABLE_TESTABILITY = YES;
				ENABLE_USER_SCRIPT_SANDBOXING = YES;
				GCC_C_LANGUAGE_STANDARD = gnu17;
				GCC_DYNAMIC_NO_PIC = NO;
				GCC_NO_COMMON_BLOCKS = YES;
				GCC_OPTIMIZATION_LEVEL = 0;
				GCC_PREPROCESSOR_DEFINITIONS = (
					"DEBUG=1",
					"$(inherited)",
				);
				GCC_WARN_64_TO_32_BIT_CONVERSION = YES;
				GCC_WARN_ABOUT_RETURN_TYPE = YES_ERROR;
				GCC_WARN_UNDECLARED_SELECTOR = YES;
				GCC_WARN_UNINITIALIZED_AUTOS = YES_AGGRESSIVE;
				GCC_WARN_UNUSED_FUNCTION = YES;
				GCC_WARN_UNUSED_VARIABLE = YES;
				IPHONEOS_DEPLOYMENT_TARGET = 17.4;
				LOCALIZATION_PREFERS_STRING_CATALOGS = YES;
				MTL_ENABLE_DEBUG_INFO = INCLUDE_SOURCE;
				MTL_FAST_MATH = YES;
				ONLY_ACTIVE_ARCH = YES;
				SDKROOT = iphoneos;
				SWIFT_ACTIVE_COMPILATION_CONDITIONS = "DEBUG $(inherited)";
				SWIFT_OPTIMIZATION_LEVEL = "-Onone";
			};
			name = Debug;
		};
		1A6070BF2BEA2143005797E9 /* Release */ = {
			isa = XCBuildConfiguration;
			buildSettings = {
				ALWAYS_SEARCH_USER_PATHS = NO;
				ASSETCATALOG_COMPILER_GENERATE_SWIFT_ASSET_SYMBOL_EXTENSIONS = YES;
				CLANG_ANALYZER_NONNULL = YES;
				CLANG_ANALYZER_NUMBER_OBJECT_CONVERSION = YES_AGGRESSIVE;
				CLANG_CXX_LANGUAGE_STANDARD = "gnu++20";
				CLANG_ENABLE_MODULES = YES;
				CLANG_ENABLE_OBJC_ARC = YES;
				CLANG_ENABLE_OBJC_WEAK = YES;
				CLANG_WARN_BLOCK_CAPTURE_AUTORELEASING = YES;
				CLANG_WARN_BOOL_CONVERSION = YES;
				CLANG_WARN_COMMA = YES;
				CLANG_WARN_CONSTANT_CONVERSION = YES;
				CLANG_WARN_DEPRECATED_OBJC_IMPLEMENTATIONS = YES;
				CLANG_WARN_DIRECT_OBJC_ISA_USAGE = YES_ERROR;
				CLANG_WARN_DOCUMENTATION_COMMENTS = YES;
				CLANG_WARN_EMPTY_BODY = YES;
				CLANG_WARN_ENUM_CONVERSION = YES;
				CLANG_WARN_INFINITE_RECURSION = YES;
				CLANG_WARN_INT_CONVERSION = YES;
				CLANG_WARN_NON_LITERAL_NULL_CONVERSION = YES;
				CLANG_WARN_OBJC_IMPLICIT_RETAIN_SELF = YES;
				CLANG_WARN_OBJC_LITERAL_CONVERSION = YES;
				CLANG_WARN_OBJC_ROOT_CLASS = YES_ERROR;
				CLANG_WARN_QUOTED_INCLUDE_IN_FRAMEWORK_HEADER = YES;
				CLANG_WARN_RANGE_LOOP_ANALYSIS = YES;
				CLANG_WARN_STRICT_PROTOTYPES = YES;
				CLANG_WARN_SUSPICIOUS_MOVE = YES;
				CLANG_WARN_UNGUARDED_AVAILABILITY = YES_AGGRESSIVE;
				CLANG_WARN_UNREACHABLE_CODE = YES;
				CLANG_WARN__DUPLICATE_METHOD_MATCH = YES;
				COPY_PHASE_STRIP = NO;
				DEBUG_INFORMATION_FORMAT = "dwarf-with-dsym";
				ENABLE_NS_ASSERTIONS = NO;
				ENABLE_STRICT_OBJC_MSGSEND = YES;
				ENABLE_USER_SCRIPT_SANDBOXING = YES;
				GCC_C_LANGUAGE_STANDARD = gnu17;
				GCC_NO_COMMON_BLOCKS = YES;
				GCC_WARN_64_TO_32_BIT_CONVERSION = YES;
				GCC_WARN_ABOUT_RETURN_TYPE = YES_ERROR;
				GCC_WARN_UNDECLARED_SELECTOR = YES;
				GCC_WARN_UNINITIALIZED_AUTOS = YES_AGGRESSIVE;
				GCC_WARN_UNUSED_FUNCTION = YES;
				GCC_WARN_UNUSED_VARIABLE = YES;
				IPHONEOS_DEPLOYMENT_TARGET = 17.4;
				LOCALIZATION_PREFERS_STRING_CATALOGS = YES;
				MTL_ENABLE_DEBUG_INFO = NO;
				MTL_FAST_MATH = YES;
				SDKROOT = iphoneos;
				SWIFT_COMPILATION_MODE = wholemodule;
				VALIDATE_PRODUCT = YES;
			};
			name = Release;
		};
		1A6070C12BEA2143005797E9 /* Debug */ = {
			isa = XCBuildConfiguration;
			buildSettings = {
				ASSETCATALOG_COMPILER_APPICON_NAME = AppIcon;
				ASSETCATALOG_COMPILER_GLOBAL_ACCENT_COLOR_NAME = AccentColor;
				CODE_SIGN_STYLE = Automatic;
				CURRENT_PROJECT_VERSION = 1;
				DEVELOPMENT_TEAM = QZ329TNU43;
				GENERATE_INFOPLIST_FILE = YES;
				INFOPLIST_FILE = CompositionLayoutSecondApp/SupportingFiles/Info.plist;
				INFOPLIST_KEY_UIApplicationSupportsIndirectInputEvents = YES;
				INFOPLIST_KEY_UILaunchStoryboardName = LaunchScreen;
				INFOPLIST_KEY_UISupportedInterfaceOrientations = UIInterfaceOrientationPortrait;
				INFOPLIST_KEY_UISupportedInterfaceOrientations_iPad = "UIInterfaceOrientationPortrait UIInterfaceOrientationPortraitUpsideDown";
				LD_RUNPATH_SEARCH_PATHS = (
					"$(inherited)",
					"@executable_path/Frameworks",
				);
				MARKETING_VERSION = 1.0;
				PRODUCT_BUNDLE_IDENTIFIER = iosmaster.com.CompositionLayoutSecondApp;
				PRODUCT_NAME = "$(TARGET_NAME)";
				SUPPORTED_PLATFORMS = "iphoneos iphonesimulator";
				SUPPORTS_MACCATALYST = NO;
				SUPPORTS_MAC_DESIGNED_FOR_IPHONE_IPAD = NO;
				SUPPORTS_XR_DESIGNED_FOR_IPHONE_IPAD = NO;
				SWIFT_EMIT_LOC_STRINGS = YES;
				SWIFT_VERSION = 5.0;
				TARGETED_DEVICE_FAMILY = 1;
			};
			name = Debug;
		};
		1A6070C22BEA2143005797E9 /* Release */ = {
			isa = XCBuildConfiguration;
			buildSettings = {
				ASSETCATALOG_COMPILER_APPICON_NAME = AppIcon;
				ASSETCATALOG_COMPILER_GLOBAL_ACCENT_COLOR_NAME = AccentColor;
				CODE_SIGN_STYLE = Automatic;
				CURRENT_PROJECT_VERSION = 1;
				DEVELOPMENT_TEAM = QZ329TNU43;
				GENERATE_INFOPLIST_FILE = YES;
				INFOPLIST_FILE = CompositionLayoutSecondApp/SupportingFiles/Info.plist;
				INFOPLIST_KEY_UIApplicationSupportsIndirectInputEvents = YES;
				INFOPLIST_KEY_UILaunchStoryboardName = LaunchScreen;
				INFOPLIST_KEY_UISupportedInterfaceOrientations = UIInterfaceOrientationPortrait;
				INFOPLIST_KEY_UISupportedInterfaceOrientations_iPad = "UIInterfaceOrientationPortrait UIInterfaceOrientationPortraitUpsideDown";
				LD_RUNPATH_SEARCH_PATHS = (
					"$(inherited)",
					"@executable_path/Frameworks",
				);
				MARKETING_VERSION = 1.0;
				PRODUCT_BUNDLE_IDENTIFIER = iosmaster.com.CompositionLayoutSecondApp;
				PRODUCT_NAME = "$(TARGET_NAME)";
				SUPPORTED_PLATFORMS = "iphoneos iphonesimulator";
				SUPPORTS_MACCATALYST = NO;
				SUPPORTS_MAC_DESIGNED_FOR_IPHONE_IPAD = NO;
				SUPPORTS_XR_DESIGNED_FOR_IPHONE_IPAD = NO;
				SWIFT_EMIT_LOC_STRINGS = YES;
				SWIFT_VERSION = 5.0;
				TARGETED_DEVICE_FAMILY = 1;
			};
			name = Release;
		};
/* End XCBuildConfiguration section */

/* Begin XCConfigurationList section */
		1A6070A72BEA2142005797E9 /* Build configuration list for PBXProject "CompositionLayoutSecondApp" */ = {
			isa = XCConfigurationList;
			buildConfigurations = (
				1A6070BE2BEA2143005797E9 /* Debug */,
				1A6070BF2BEA2143005797E9 /* Release */,
			);
			defaultConfigurationIsVisible = 0;
			defaultConfigurationName = Release;
		};
		1A6070C02BEA2143005797E9 /* Build configuration list for PBXNativeTarget "CompositionLayoutSecondApp" */ = {
			isa = XCConfigurationList;
			buildConfigurations = (
				1A6070C12BEA2143005797E9 /* Debug */,
				1A6070C22BEA2143005797E9 /* Release */,
			);
			defaultConfigurationIsVisible = 0;
			defaultConfigurationName = Release;
		};
/* End XCConfigurationList section */
	};
	rootObject = 1A6070A42BEA2142005797E9 /* Project object */;
}
